// !$*UTF8*$!
{
	archiveVersion = 1;
	classes = {
	};
	objectVersion = 56;
	objects = {

/* Begin PBXBuildFile section */
		085179202D157C410097A16F /* Kingfisher in Frameworks */ = {isa = PBXBuildFile; productRef = 0851791F2D157C410097A16F /* Kingfisher */; };
		085179222D1659440097A16F /* Thread.swift in Sources */ = {isa = PBXBuildFile; fileRef = 085179212D1659440097A16F /* Thread.swift */; };
		085179252D165D660097A16F /* CreateThreadViewModel.swift in Sources */ = {isa = PBXBuildFile; fileRef = 085179242D165D660097A16F /* CreateThreadViewModel.swift */; };
		085179292D165DDC0097A16F /* ThreadService.swift in Sources */ = {isa = PBXBuildFile; fileRef = 085179282D165DDC0097A16F /* ThreadService.swift */; };
		0851792B2D1670780097A16F /* FirebaseAuthCombine-Community in Frameworks */ = {isa = PBXBuildFile; productRef = 0851792A2D1670780097A16F /* FirebaseAuthCombine-Community */; };
		0851792D2D1670780097A16F /* FirebaseCore in Frameworks */ = {isa = PBXBuildFile; productRef = 0851792C2D1670780097A16F /* FirebaseCore */; };
		0851792F2D1670780097A16F /* FirebaseDatabase in Frameworks */ = {isa = PBXBuildFile; productRef = 0851792E2D1670780097A16F /* FirebaseDatabase */; };
		085179312D1670780097A16F /* FirebaseFirestoreCombine-Community in Frameworks */ = {isa = PBXBuildFile; productRef = 085179302D1670780097A16F /* FirebaseFirestoreCombine-Community */; };
		085179332D1670790097A16F /* FirebaseStorageCombine-Community in Frameworks */ = {isa = PBXBuildFile; productRef = 085179322D1670780097A16F /* FirebaseStorageCombine-Community */; };
		085179362D17A3FF0097A16F /* FeedViewModel.swift in Sources */ = {isa = PBXBuildFile; fileRef = 085179352D17A3FF0097A16F /* FeedViewModel.swift */; };
		0851793A2D1902E60097A16F /* UserContentListViewModel.swift in Sources */ = {isa = PBXBuildFile; fileRef = 085179392D1902E60097A16F /* UserContentListViewModel.swift */; };
		0851793C2D194BDC0097A16F /* Timestamp.swift in Sources */ = {isa = PBXBuildFile; fileRef = 0851793B2D194BDC0097A16F /* Timestamp.swift */; };
		08B4622B2CFDC0F7005F9584 /* ithreadsApp.swift in Sources */ = {isa = PBXBuildFile; fileRef = 08B4622A2CFDC0F7005F9584 /* ithreadsApp.swift */; };
		08B4622D2CFDC0F7005F9584 /* ContentView.swift in Sources */ = {isa = PBXBuildFile; fileRef = 08B4622C2CFDC0F7005F9584 /* ContentView.swift */; };
		08B4622F2CFDC0F9005F9584 /* Assets.xcassets in Resources */ = {isa = PBXBuildFile; fileRef = 08B4622E2CFDC0F9005F9584 /* Assets.xcassets */; };
		08B462322CFDC0F9005F9584 /* Preview Assets.xcassets in Resources */ = {isa = PBXBuildFile; fileRef = 08B462312CFDC0F9005F9584 /* Preview Assets.xcassets */; };
		08B4623C2CFDC0F9005F9584 /* ithreadsTests.swift in Sources */ = {isa = PBXBuildFile; fileRef = 08B4623B2CFDC0F9005F9584 /* ithreadsTests.swift */; };
		08B462462CFDC0F9005F9584 /* ithreadsUITests.swift in Sources */ = {isa = PBXBuildFile; fileRef = 08B462452CFDC0F9005F9584 /* ithreadsUITests.swift */; };
		08B462482CFDC0F9005F9584 /* ithreadsUITestsLaunchTests.swift in Sources */ = {isa = PBXBuildFile; fileRef = 08B462472CFDC0F9005F9584 /* ithreadsUITestsLaunchTests.swift */; };
		08B462552CFDC123005F9584 /* GoogleService-Info.plist in Resources */ = {isa = PBXBuildFile; fileRef = 08B462542CFDC123005F9584 /* GoogleService-Info.plist */; };
		08B462582CFDC25D005F9584 /* FirebaseAuth in Frameworks */ = {isa = PBXBuildFile; productRef = 08B462572CFDC25D005F9584 /* FirebaseAuth */; };
		08B4625A2CFDC25D005F9584 /* FirebaseFirestore in Frameworks */ = {isa = PBXBuildFile; productRef = 08B462592CFDC25D005F9584 /* FirebaseFirestore */; };
		08B4625C2CFDC25D005F9584 /* FirebaseFunctions in Frameworks */ = {isa = PBXBuildFile; productRef = 08B4625B2CFDC25D005F9584 /* FirebaseFunctions */; };
		08B4625E2CFDC25D005F9584 /* FirebaseStorage in Frameworks */ = {isa = PBXBuildFile; productRef = 08B4625D2CFDC25D005F9584 /* FirebaseStorage */; };
		08B462672CFE9595005F9584 /* LoginView.swift in Sources */ = {isa = PBXBuildFile; fileRef = 08B462662CFE9595005F9584 /* LoginView.swift */; };
		08B462692CFEF8D6005F9584 /* RegisterationView.swift in Sources */ = {isa = PBXBuildFile; fileRef = 08B462682CFEF8D6005F9584 /* RegisterationView.swift */; };
		08B4626C2CFEFD98005F9584 /* ThreadsTextFieldModifier.swift in Sources */ = {isa = PBXBuildFile; fileRef = 08B4626B2CFEFD98005F9584 /* ThreadsTextFieldModifier.swift */; };
		08B4626F2CFF1232005F9584 /* ThreadsTabBarView.swift in Sources */ = {isa = PBXBuildFile; fileRef = 08B4626E2CFF1232005F9584 /* ThreadsTabBarView.swift */; };
		08B462722CFF6CF6005F9584 /* FeedView.swift in Sources */ = {isa = PBXBuildFile; fileRef = 08B462712CFF6CF6005F9584 /* FeedView.swift */; };
		08B462772CFF6D6F005F9584 /* ExploreView.swift in Sources */ = {isa = PBXBuildFile; fileRef = 08B462762CFF6D6F005F9584 /* ExploreView.swift */; };
		08B4627B2CFF6DB8005F9584 /* CreateThreadView.swift in Sources */ = {isa = PBXBuildFile; fileRef = 08B4627A2CFF6DB8005F9584 /* CreateThreadView.swift */; };
		08B4627F2CFF6DE8005F9584 /* ActivityView.swift in Sources */ = {isa = PBXBuildFile; fileRef = 08B4627E2CFF6DE8005F9584 /* ActivityView.swift */; };
		08B462832CFF6E0E005F9584 /* ProfileView.swift in Sources */ = {isa = PBXBuildFile; fileRef = 08B462822CFF6E0E005F9584 /* ProfileView.swift */; };
		08B462892D00350B005F9584 /* ThreadCell.swift in Sources */ = {isa = PBXBuildFile; fileRef = 08B462882D00350B005F9584 /* ThreadCell.swift */; };
		08B4628C2D01B7E6005F9584 /* CircularProfileImageView.swift in Sources */ = {isa = PBXBuildFile; fileRef = 08B4628B2D01B7E6005F9584 /* CircularProfileImageView.swift */; };
		08B4628E2D01B87C005F9584 /* UserCell.swift in Sources */ = {isa = PBXBuildFile; fileRef = 08B4628D2D01B87C005F9584 /* UserCell.swift */; };
		08B462912D029EFE005F9584 /* ProfileThreadFilter.swift in Sources */ = {isa = PBXBuildFile; fileRef = 08B462902D029EFE005F9584 /* ProfileThreadFilter.swift */; };
		08B462972D06D515005F9584 /* EditProfileView.swift in Sources */ = {isa = PBXBuildFile; fileRef = 08B462962D06D515005F9584 /* EditProfileView.swift */; };
		08B4629B2D081FFE005F9584 /* RegisterationViewModel.swift in Sources */ = {isa = PBXBuildFile; fileRef = 08B4629A2D081FFE005F9584 /* RegisterationViewModel.swift */; };
		08B4629D2D082903005F9584 /* AuthService.swift in Sources */ = {isa = PBXBuildFile; fileRef = 08B4629C2D082903005F9584 /* AuthService.swift */; };
		08B462A12D09768A005F9584 /* ContentViewModel.swift in Sources */ = {isa = PBXBuildFile; fileRef = 08B462A02D09768A005F9584 /* ContentViewModel.swift */; };
		08B462A32D0ACF50005F9584 /* LoginViewModel.swift in Sources */ = {isa = PBXBuildFile; fileRef = 08B462A22D0ACF50005F9584 /* LoginViewModel.swift */; };
		08B462A62D0AEA78005F9584 /* User.swift in Sources */ = {isa = PBXBuildFile; fileRef = 08B462A52D0AEA78005F9584 /* User.swift */; };
		08B462A92D0BDA55005F9584 /* UserService.swift in Sources */ = {isa = PBXBuildFile; fileRef = 08B462A82D0BDA55005F9584 /* UserService.swift */; };
		08B462AE2D1011AA005F9584 /* ExploreViewModel.swift in Sources */ = {isa = PBXBuildFile; fileRef = 08B462AD2D1011AA005F9584 /* ExploreViewModel.swift */; };
		08B462B02D101666005F9584 /* PreviewProvider.swift in Sources */ = {isa = PBXBuildFile; fileRef = 08B462AF2D101666005F9584 /* PreviewProvider.swift */; };
		08B462B42D1029A1005F9584 /* CurrentUserProfileView.swift in Sources */ = {isa = PBXBuildFile; fileRef = 08B462B32D1029A1005F9584 /* CurrentUserProfileView.swift */; };
		08B462B92D102C9F005F9584 /* CurrentUserProfileViewModel.swift in Sources */ = {isa = PBXBuildFile; fileRef = 08B462B82D102C9F005F9584 /* CurrentUserProfileViewModel.swift */; };
		08B462BC2D102E44005F9584 /* ProfileHeaderView.swift in Sources */ = {isa = PBXBuildFile; fileRef = 08B462BB2D102E44005F9584 /* ProfileHeaderView.swift */; };
		08B462BE2D10312C005F9584 /* UserContentListView.swift in Sources */ = {isa = PBXBuildFile; fileRef = 08B462BD2D10312C005F9584 /* UserContentListView.swift */; };
		08B462C22D126960005F9584 /* EditProfileViewModel.swift in Sources */ = {isa = PBXBuildFile; fileRef = 08B462C12D126960005F9584 /* EditProfileViewModel.swift */; };
		08B462C42D12D5CB005F9584 /* ImageUploader.swift in Sources */ = {isa = PBXBuildFile; fileRef = 08B462C32D12D5CB005F9584 /* ImageUploader.swift */; };
/* End PBXBuildFile section */

/* Begin PBXContainerItemProxy section */
		08B462382CFDC0F9005F9584 /* PBXContainerItemProxy */ = {
			isa = PBXContainerItemProxy;
			containerPortal = 08B4621F2CFDC0F7005F9584 /* Project object */;
			proxyType = 1;
			remoteGlobalIDString = 08B462262CFDC0F7005F9584;
			remoteInfo = ithreads;
		};
		08B462422CFDC0F9005F9584 /* PBXContainerItemProxy */ = {
			isa = PBXContainerItemProxy;
			containerPortal = 08B4621F2CFDC0F7005F9584 /* Project object */;
			proxyType = 1;
			remoteGlobalIDString = 08B462262CFDC0F7005F9584;
			remoteInfo = ithreads;
		};
/* End PBXContainerItemProxy section */

/* Begin PBXFileReference section */
		085179212D1659440097A16F /* Thread.swift */ = {isa = PBXFileReference; lastKnownFileType = sourcecode.swift; path = Thread.swift; sourceTree = "<group>"; };
		085179242D165D660097A16F /* CreateThreadViewModel.swift */ = {isa = PBXFileReference; lastKnownFileType = sourcecode.swift; path = CreateThreadViewModel.swift; sourceTree = "<group>"; };
		085179282D165DDC0097A16F /* ThreadService.swift */ = {isa = PBXFileReference; lastKnownFileType = sourcecode.swift; path = ThreadService.swift; sourceTree = "<group>"; };
		085179352D17A3FF0097A16F /* FeedViewModel.swift */ = {isa = PBXFileReference; lastKnownFileType = sourcecode.swift; path = FeedViewModel.swift; sourceTree = "<group>"; };
		085179392D1902E60097A16F /* UserContentListViewModel.swift */ = {isa = PBXFileReference; lastKnownFileType = sourcecode.swift; path = UserContentListViewModel.swift; sourceTree = "<group>"; };
		0851793B2D194BDC0097A16F /* Timestamp.swift */ = {isa = PBXFileReference; lastKnownFileType = sourcecode.swift; path = Timestamp.swift; sourceTree = "<group>"; };
		08B462272CFDC0F7005F9584 /* ithreads.app */ = {isa = PBXFileReference; explicitFileType = wrapper.application; includeInIndex = 0; path = ithreads.app; sourceTree = BUILT_PRODUCTS_DIR; };
		08B4622A2CFDC0F7005F9584 /* ithreadsApp.swift */ = {isa = PBXFileReference; lastKnownFileType = sourcecode.swift; path = ithreadsApp.swift; sourceTree = "<group>"; };
		08B4622C2CFDC0F7005F9584 /* ContentView.swift */ = {isa = PBXFileReference; lastKnownFileType = sourcecode.swift; path = ContentView.swift; sourceTree = "<group>"; };
		08B4622E2CFDC0F9005F9584 /* Assets.xcassets */ = {isa = PBXFileReference; lastKnownFileType = folder.assetcatalog; path = Assets.xcassets; sourceTree = "<group>"; };
		08B462312CFDC0F9005F9584 /* Preview Assets.xcassets */ = {isa = PBXFileReference; lastKnownFileType = folder.assetcatalog; path = "Preview Assets.xcassets"; sourceTree = "<group>"; };
		08B462372CFDC0F9005F9584 /* ithreadsTests.xctest */ = {isa = PBXFileReference; explicitFileType = wrapper.cfbundle; includeInIndex = 0; path = ithreadsTests.xctest; sourceTree = BUILT_PRODUCTS_DIR; };
		08B4623B2CFDC0F9005F9584 /* ithreadsTests.swift */ = {isa = PBXFileReference; lastKnownFileType = sourcecode.swift; path = ithreadsTests.swift; sourceTree = "<group>"; };
		08B462412CFDC0F9005F9584 /* ithreadsUITests.xctest */ = {isa = PBXFileReference; explicitFileType = wrapper.cfbundle; includeInIndex = 0; path = ithreadsUITests.xctest; sourceTree = BUILT_PRODUCTS_DIR; };
		08B462452CFDC0F9005F9584 /* ithreadsUITests.swift */ = {isa = PBXFileReference; lastKnownFileType = sourcecode.swift; path = ithreadsUITests.swift; sourceTree = "<group>"; };
		08B462472CFDC0F9005F9584 /* ithreadsUITestsLaunchTests.swift */ = {isa = PBXFileReference; lastKnownFileType = sourcecode.swift; path = ithreadsUITestsLaunchTests.swift; sourceTree = "<group>"; };
		08B462542CFDC123005F9584 /* GoogleService-Info.plist */ = {isa = PBXFileReference; fileEncoding = 4; lastKnownFileType = text.plist.xml; path = "GoogleService-Info.plist"; sourceTree = "<group>"; };
		08B462662CFE9595005F9584 /* LoginView.swift */ = {isa = PBXFileReference; lastKnownFileType = sourcecode.swift; path = LoginView.swift; sourceTree = "<group>"; };
		08B462682CFEF8D6005F9584 /* RegisterationView.swift */ = {isa = PBXFileReference; lastKnownFileType = sourcecode.swift; path = RegisterationView.swift; sourceTree = "<group>"; };
		08B4626B2CFEFD98005F9584 /* ThreadsTextFieldModifier.swift */ = {isa = PBXFileReference; lastKnownFileType = sourcecode.swift; path = ThreadsTextFieldModifier.swift; sourceTree = "<group>"; };
		08B4626E2CFF1232005F9584 /* ThreadsTabBarView.swift */ = {isa = PBXFileReference; lastKnownFileType = sourcecode.swift; path = ThreadsTabBarView.swift; sourceTree = "<group>"; };
		08B462712CFF6CF6005F9584 /* FeedView.swift */ = {isa = PBXFileReference; lastKnownFileType = sourcecode.swift; path = FeedView.swift; sourceTree = "<group>"; };
		08B462762CFF6D6F005F9584 /* ExploreView.swift */ = {isa = PBXFileReference; lastKnownFileType = sourcecode.swift; path = ExploreView.swift; sourceTree = "<group>"; };
		08B4627A2CFF6DB8005F9584 /* CreateThreadView.swift */ = {isa = PBXFileReference; lastKnownFileType = sourcecode.swift; path = CreateThreadView.swift; sourceTree = "<group>"; };
		08B4627E2CFF6DE8005F9584 /* ActivityView.swift */ = {isa = PBXFileReference; lastKnownFileType = sourcecode.swift; path = ActivityView.swift; sourceTree = "<group>"; };
		08B462822CFF6E0E005F9584 /* ProfileView.swift */ = {isa = PBXFileReference; lastKnownFileType = sourcecode.swift; path = ProfileView.swift; sourceTree = "<group>"; };
		08B462882D00350B005F9584 /* ThreadCell.swift */ = {isa = PBXFileReference; lastKnownFileType = sourcecode.swift; path = ThreadCell.swift; sourceTree = "<group>"; };
		08B4628B2D01B7E6005F9584 /* CircularProfileImageView.swift */ = {isa = PBXFileReference; lastKnownFileType = sourcecode.swift; path = CircularProfileImageView.swift; sourceTree = "<group>"; };
		08B4628D2D01B87C005F9584 /* UserCell.swift */ = {isa = PBXFileReference; lastKnownFileType = sourcecode.swift; path = UserCell.swift; sourceTree = "<group>"; };
		08B462902D029EFE005F9584 /* ProfileThreadFilter.swift */ = {isa = PBXFileReference; lastKnownFileType = sourcecode.swift; path = ProfileThreadFilter.swift; sourceTree = "<group>"; };
		08B462962D06D515005F9584 /* EditProfileView.swift */ = {isa = PBXFileReference; lastKnownFileType = sourcecode.swift; path = EditProfileView.swift; sourceTree = "<group>"; };
		08B4629A2D081FFE005F9584 /* RegisterationViewModel.swift */ = {isa = PBXFileReference; lastKnownFileType = sourcecode.swift; path = RegisterationViewModel.swift; sourceTree = "<group>"; };
		08B4629C2D082903005F9584 /* AuthService.swift */ = {isa = PBXFileReference; lastKnownFileType = sourcecode.swift; path = AuthService.swift; sourceTree = "<group>"; };
		08B462A02D09768A005F9584 /* ContentViewModel.swift */ = {isa = PBXFileReference; lastKnownFileType = sourcecode.swift; path = ContentViewModel.swift; sourceTree = "<group>"; };
		08B462A22D0ACF50005F9584 /* LoginViewModel.swift */ = {isa = PBXFileReference; lastKnownFileType = sourcecode.swift; path = LoginViewModel.swift; sourceTree = "<group>"; };
		08B462A52D0AEA78005F9584 /* User.swift */ = {isa = PBXFileReference; lastKnownFileType = sourcecode.swift; path = User.swift; sourceTree = "<group>"; };
		08B462A82D0BDA55005F9584 /* UserService.swift */ = {isa = PBXFileReference; lastKnownFileType = sourcecode.swift; path = UserService.swift; sourceTree = "<group>"; };
		08B462AD2D1011AA005F9584 /* ExploreViewModel.swift */ = {isa = PBXFileReference; lastKnownFileType = sourcecode.swift; path = ExploreViewModel.swift; sourceTree = "<group>"; };
		08B462AF2D101666005F9584 /* PreviewProvider.swift */ = {isa = PBXFileReference; lastKnownFileType = sourcecode.swift; path = PreviewProvider.swift; sourceTree = "<group>"; };
		08B462B32D1029A1005F9584 /* CurrentUserProfileView.swift */ = {isa = PBXFileReference; lastKnownFileType = sourcecode.swift; path = CurrentUserProfileView.swift; sourceTree = "<group>"; };
		08B462B82D102C9F005F9584 /* CurrentUserProfileViewModel.swift */ = {isa = PBXFileReference; lastKnownFileType = sourcecode.swift; path = CurrentUserProfileViewModel.swift; sourceTree = "<group>"; };
		08B462BB2D102E44005F9584 /* ProfileHeaderView.swift */ = {isa = PBXFileReference; lastKnownFileType = sourcecode.swift; path = ProfileHeaderView.swift; sourceTree = "<group>"; };
		08B462BD2D10312C005F9584 /* UserContentListView.swift */ = {isa = PBXFileReference; lastKnownFileType = sourcecode.swift; path = UserContentListView.swift; sourceTree = "<group>"; };
		08B462C12D126960005F9584 /* EditProfileViewModel.swift */ = {isa = PBXFileReference; lastKnownFileType = sourcecode.swift; path = EditProfileViewModel.swift; sourceTree = "<group>"; };
		08B462C32D12D5CB005F9584 /* ImageUploader.swift */ = {isa = PBXFileReference; lastKnownFileType = sourcecode.swift; path = ImageUploader.swift; sourceTree = "<group>"; };
/* End PBXFileReference section */

/* Begin PBXFrameworksBuildPhase section */
		08B462242CFDC0F7005F9584 /* Frameworks */ = {
			isa = PBXFrameworksBuildPhase;
			buildActionMask = 2147483647;
			files = (
				08B4625C2CFDC25D005F9584 /* FirebaseFunctions in Frameworks */,
				0851792B2D1670780097A16F /* FirebaseAuthCombine-Community in Frameworks */,
				085179332D1670790097A16F /* FirebaseStorageCombine-Community in Frameworks */,
				08B4625E2CFDC25D005F9584 /* FirebaseStorage in Frameworks */,
				085179312D1670780097A16F /* FirebaseFirestoreCombine-Community in Frameworks */,
				08B462582CFDC25D005F9584 /* FirebaseAuth in Frameworks */,
				0851792D2D1670780097A16F /* FirebaseCore in Frameworks */,
				08B4625A2CFDC25D005F9584 /* FirebaseFirestore in Frameworks */,
				0851792F2D1670780097A16F /* FirebaseDatabase in Frameworks */,
				085179202D157C410097A16F /* Kingfisher in Frameworks */,
			);
			runOnlyForDeploymentPostprocessing = 0;
		};
		08B462342CFDC0F9005F9584 /* Frameworks */ = {
			isa = PBXFrameworksBuildPhase;
			buildActionMask = 2147483647;
			files = (
			);
			runOnlyForDeploymentPostprocessing = 0;
		};
		08B4623E2CFDC0F9005F9584 /* Frameworks */ = {
			isa = PBXFrameworksBuildPhase;
			buildActionMask = 2147483647;
			files = (
			);
			runOnlyForDeploymentPostprocessing = 0;
		};
/* End PBXFrameworksBuildPhase section */

/* Begin PBXGroup section */
		085179232D165CD10097A16F /* ViewModel */ = {
			isa = PBXGroup;
			children = (
				085179242D165D660097A16F /* CreateThreadViewModel.swift */,
			);
			path = ViewModel;
			sourceTree = "<group>";
		};
		085179342D17A3EE0097A16F /* ViewModel */ = {
			isa = PBXGroup;
			children = (
				085179352D17A3FF0097A16F /* FeedViewModel.swift */,
			);
			path = ViewModel;
			sourceTree = "<group>";
		};
		085179372D18F3760097A16F /* ViewModel */ = {
			isa = PBXGroup;
			children = (
				085179392D1902E60097A16F /* UserContentListViewModel.swift */,
			);
			path = ViewModel;
			sourceTree = "<group>";
		};
		085179382D18F37E0097A16F /* View */ = {
			isa = PBXGroup;
			children = (
				08B462BB2D102E44005F9584 /* ProfileHeaderView.swift */,
				08B462BD2D10312C005F9584 /* UserContentListView.swift */,
			);
			path = View;
			sourceTree = "<group>";
		};
		08B4621E2CFDC0F7005F9584 = {
			isa = PBXGroup;
			children = (
				08B462292CFDC0F7005F9584 /* ithreads */,
				08B4623A2CFDC0F9005F9584 /* ithreadsTests */,
				08B462442CFDC0F9005F9584 /* ithreadsUITests */,
				08B462282CFDC0F7005F9584 /* Products */,
			);
			sourceTree = "<group>";
		};
		08B462282CFDC0F7005F9584 /* Products */ = {
			isa = PBXGroup;
			children = (
				08B462272CFDC0F7005F9584 /* ithreads.app */,
				08B462372CFDC0F9005F9584 /* ithreadsTests.xctest */,
				08B462412CFDC0F9005F9584 /* ithreadsUITests.xctest */,
			);
			name = Products;
			sourceTree = "<group>";
		};
		08B462292CFDC0F7005F9584 /* ithreads */ = {
			isa = PBXGroup;
			children = (
				08B462612CFE94AB005F9584 /* App */,
				08B462602CFE94A8005F9584 /* Core */,
				08B4625F2CFE949F005F9584 /* Extensions */,
				08B462A42D0AEA29005F9584 /* Model */,
				08B462A72D0BDA36005F9584 /* Services */,
				08B462622CFE94C6005F9584 /* Utils */,
				08B462542CFDC123005F9584 /* GoogleService-Info.plist */,
				08B4622E2CFDC0F9005F9584 /* Assets.xcassets */,
				08B462302CFDC0F9005F9584 /* Preview Content */,
			);
			path = ithreads;
			sourceTree = "<group>";
		};
		08B462302CFDC0F9005F9584 /* Preview Content */ = {
			isa = PBXGroup;
			children = (
				08B462312CFDC0F9005F9584 /* Preview Assets.xcassets */,
			);
			path = "Preview Content";
			sourceTree = "<group>";
		};
		08B4623A2CFDC0F9005F9584 /* ithreadsTests */ = {
			isa = PBXGroup;
			children = (
				08B4623B2CFDC0F9005F9584 /* ithreadsTests.swift */,
			);
			path = ithreadsTests;
			sourceTree = "<group>";
		};
		08B462442CFDC0F9005F9584 /* ithreadsUITests */ = {
			isa = PBXGroup;
			children = (
				08B462452CFDC0F9005F9584 /* ithreadsUITests.swift */,
				08B462472CFDC0F9005F9584 /* ithreadsUITestsLaunchTests.swift */,
			);
			path = ithreadsUITests;
			sourceTree = "<group>";
		};
		08B4625F2CFE949F005F9584 /* Extensions */ = {
			isa = PBXGroup;
			children = (
				08B462AF2D101666005F9584 /* PreviewProvider.swift */,
				0851793B2D194BDC0097A16F /* Timestamp.swift */,
			);
			path = Extensions;
			sourceTree = "<group>";
		};
		08B462602CFE94A8005F9584 /* Core */ = {
			isa = PBXGroup;
			children = (
				08B462632CFE9526005F9584 /* Authentication */,
				08B4628A2D01B78A005F9584 /* Components */,
				08B462702CFF6CE5005F9584 /* Feed */,
				08B462732CFF6D27005F9584 /* Explore */,
				08B462782CFF6D97005F9584 /* ThreadCreation */,
				08B4627C2CFF6DD5005F9584 /* Activity */,
				08B462802CFF6DF9005F9584 /* Profile */,
				08B462642CFE954F005F9584 /* Root */,
				08B4626D2CFF1202005F9584 /* TabBar */,
			);
			path = Core;
			sourceTree = "<group>";
		};
		08B462612CFE94AB005F9584 /* App */ = {
			isa = PBXGroup;
			children = (
				08B4622A2CFDC0F7005F9584 /* ithreadsApp.swift */,
			);
			path = App;
			sourceTree = "<group>";
		};
		08B462622CFE94C6005F9584 /* Utils */ = {
			isa = PBXGroup;
			children = (
				08B4626A2CFEFD5D005F9584 /* ViewModifiers */,
			);
			path = Utils;
			sourceTree = "<group>";
		};
		08B462632CFE9526005F9584 /* Authentication */ = {
			isa = PBXGroup;
			children = (
				08B462992D081FAD005F9584 /* Service */,
				08B462652CFE9570005F9584 /* Views */,
				08B462982D081FA8005F9584 /* ViewModel */,
			);
			path = Authentication;
			sourceTree = "<group>";
		};
		08B462642CFE954F005F9584 /* Root */ = {
			isa = PBXGroup;
			children = (
				08B4629E2D097658005F9584 /* View */,
				08B4629F2D09765E005F9584 /* ViewModel */,
			);
			path = Root;
			sourceTree = "<group>";
		};
		08B462652CFE9570005F9584 /* Views */ = {
			isa = PBXGroup;
			children = (
				08B462662CFE9595005F9584 /* LoginView.swift */,
				08B462682CFEF8D6005F9584 /* RegisterationView.swift */,
			);
			path = Views;
			sourceTree = "<group>";
		};
		08B4626A2CFEFD5D005F9584 /* ViewModifiers */ = {
			isa = PBXGroup;
			children = (
				08B4626B2CFEFD98005F9584 /* ThreadsTextFieldModifier.swift */,
			);
			path = ViewModifiers;
			sourceTree = "<group>";
		};
		08B4626D2CFF1202005F9584 /* TabBar */ = {
			isa = PBXGroup;
			children = (
				08B4626E2CFF1232005F9584 /* ThreadsTabBarView.swift */,
			);
			path = TabBar;
			sourceTree = "<group>";
		};
		08B462702CFF6CE5005F9584 /* Feed */ = {
			isa = PBXGroup;
			children = (
				085179342D17A3EE0097A16F /* ViewModel */,
				08B462742CFF6D52005F9584 /* View */,
			);
			path = Feed;
			sourceTree = "<group>";
		};
		08B462732CFF6D27005F9584 /* Explore */ = {
			isa = PBXGroup;
			children = (
				08B462752CFF6D61005F9584 /* View */,
				08B462AC2D101182005F9584 /* ViewModel */,
			);
			path = Explore;
			sourceTree = "<group>";
		};
		08B462742CFF6D52005F9584 /* View */ = {
			isa = PBXGroup;
			children = (
				08B462712CFF6CF6005F9584 /* FeedView.swift */,
			);
			path = View;
			sourceTree = "<group>";
		};
		08B462752CFF6D61005F9584 /* View */ = {
			isa = PBXGroup;
			children = (
				08B462762CFF6D6F005F9584 /* ExploreView.swift */,
			);
			path = View;
			sourceTree = "<group>";
		};
		08B462782CFF6D97005F9584 /* ThreadCreation */ = {
			isa = PBXGroup;
			children = (
				08B462792CFF6DAA005F9584 /* View */,
				085179232D165CD10097A16F /* ViewModel */,
			);
			path = ThreadCreation;
			sourceTree = "<group>";
		};
		08B462792CFF6DAA005F9584 /* View */ = {
			isa = PBXGroup;
			children = (
				08B4627A2CFF6DB8005F9584 /* CreateThreadView.swift */,
			);
			path = View;
			sourceTree = "<group>";
		};
		08B4627C2CFF6DD5005F9584 /* Activity */ = {
			isa = PBXGroup;
			children = (
				08B4627D2CFF6DDD005F9584 /* View */,
			);
			path = Activity;
			sourceTree = "<group>";
		};
		08B4627D2CFF6DDD005F9584 /* View */ = {
			isa = PBXGroup;
			children = (
				08B4627E2CFF6DE8005F9584 /* ActivityView.swift */,
			);
			path = View;
			sourceTree = "<group>";
		};
		08B462802CFF6DF9005F9584 /* Profile */ = {
			isa = PBXGroup;
			children = (
				08B462BA2D102E2C005F9584 /* Components */,
				08B462B12D10296C005F9584 /* CurrenUserProfile */,
				08B462922D06D48A005F9584 /* EditProfile */,
				08B4628F2D029EEA005F9584 /* Model */,
				08B462BF2D10353E005F9584 /* UserProfie */,
			);
			path = Profile;
			sourceTree = "<group>";
		};
		08B4628A2D01B78A005F9584 /* Components */ = {
			isa = PBXGroup;
			children = (
				08B4628B2D01B7E6005F9584 /* CircularProfileImageView.swift */,
				08B4628D2D01B87C005F9584 /* UserCell.swift */,
				08B462882D00350B005F9584 /* ThreadCell.swift */,
			);
			path = Components;
			sourceTree = "<group>";
		};
		08B4628F2D029EEA005F9584 /* Model */ = {
			isa = PBXGroup;
			children = (
				08B462902D029EFE005F9584 /* ProfileThreadFilter.swift */,
			);
			path = Model;
			sourceTree = "<group>";
		};
		08B462922D06D48A005F9584 /* EditProfile */ = {
			isa = PBXGroup;
			children = (
				08B462932D06D495005F9584 /* View */,
				08B462C02D12694B005F9584 /* ViewModel */,
			);
			path = EditProfile;
			sourceTree = "<group>";
		};
		08B462932D06D495005F9584 /* View */ = {
			isa = PBXGroup;
			children = (
				08B462962D06D515005F9584 /* EditProfileView.swift */,
			);
			path = View;
			sourceTree = "<group>";
		};
		08B462982D081FA8005F9584 /* ViewModel */ = {
			isa = PBXGroup;
			children = (
				08B4629A2D081FFE005F9584 /* RegisterationViewModel.swift */,
				08B462A22D0ACF50005F9584 /* LoginViewModel.swift */,
			);
			path = ViewModel;
			sourceTree = "<group>";
		};
		08B462992D081FAD005F9584 /* Service */ = {
			isa = PBXGroup;
			children = (
				08B4629C2D082903005F9584 /* AuthService.swift */,
			);
			path = Service;
			sourceTree = "<group>";
		};
		08B4629E2D097658005F9584 /* View */ = {
			isa = PBXGroup;
			children = (
				08B4622C2CFDC0F7005F9584 /* ContentView.swift */,
			);
			path = View;
			sourceTree = "<group>";
		};
		08B4629F2D09765E005F9584 /* ViewModel */ = {
			isa = PBXGroup;
			children = (
				08B462A02D09768A005F9584 /* ContentViewModel.swift */,
			);
			path = ViewModel;
			sourceTree = "<group>";
		};
		08B462A42D0AEA29005F9584 /* Model */ = {
			isa = PBXGroup;
			children = (
				08B462A52D0AEA78005F9584 /* User.swift */,
				085179212D1659440097A16F /* Thread.swift */,
			);
			path = Model;
			sourceTree = "<group>";
		};
		08B462A72D0BDA36005F9584 /* Services */ = {
			isa = PBXGroup;
			children = (
				08B462A82D0BDA55005F9584 /* UserService.swift */,
				08B462C32D12D5CB005F9584 /* ImageUploader.swift */,
				085179282D165DDC0097A16F /* ThreadService.swift */,
			);
			path = Services;
			sourceTree = "<group>";
		};
		08B462AC2D101182005F9584 /* ViewModel */ = {
			isa = PBXGroup;
			children = (
				08B462AD2D1011AA005F9584 /* ExploreViewModel.swift */,
			);
			path = ViewModel;
			sourceTree = "<group>";
		};
		08B462B12D10296C005F9584 /* CurrenUserProfile */ = {
			isa = PBXGroup;
			children = (
				08B462B52D1029D3005F9584 /* ViewModel */,
				08B462B22D102987005F9584 /* View */,
			);
			path = CurrenUserProfile;
			sourceTree = "<group>";
		};
		08B462B22D102987005F9584 /* View */ = {
			isa = PBXGroup;
			children = (
				08B462B32D1029A1005F9584 /* CurrentUserProfileView.swift */,
			);
			path = View;
			sourceTree = "<group>";
		};
		08B462B52D1029D3005F9584 /* ViewModel */ = {
			isa = PBXGroup;
			children = (
				08B462B82D102C9F005F9584 /* CurrentUserProfileViewModel.swift */,
			);
			path = ViewModel;
			sourceTree = "<group>";
		};
		08B462BA2D102E2C005F9584 /* Components */ = {
			isa = PBXGroup;
			children = (
				085179382D18F37E0097A16F /* View */,
				085179372D18F3760097A16F /* ViewModel */,
			);
			path = Components;
			sourceTree = "<group>";
		};
		08B462BF2D10353E005F9584 /* UserProfie */ = {
			isa = PBXGroup;
			children = (
				08B462822CFF6E0E005F9584 /* ProfileView.swift */,
			);
			path = UserProfie;
			sourceTree = "<group>";
		};
		08B462C02D12694B005F9584 /* ViewModel */ = {
			isa = PBXGroup;
			children = (
				08B462C12D126960005F9584 /* EditProfileViewModel.swift */,
			);
			path = ViewModel;
			sourceTree = "<group>";
		};
/* End PBXGroup section */

/* Begin PBXNativeTarget section */
		08B462262CFDC0F7005F9584 /* ithreads */ = {
			isa = PBXNativeTarget;
			buildConfigurationList = 08B4624B2CFDC0F9005F9584 /* Build configuration list for PBXNativeTarget "ithreads" */;
			buildPhases = (
				08B462232CFDC0F7005F9584 /* Sources */,
				08B462242CFDC0F7005F9584 /* Frameworks */,
				08B462252CFDC0F7005F9584 /* Resources */,
			);
			buildRules = (
			);
			dependencies = (
			);
			name = ithreads;
			packageProductDependencies = (
				08B462572CFDC25D005F9584 /* FirebaseAuth */,
				08B462592CFDC25D005F9584 /* FirebaseFirestore */,
				08B4625B2CFDC25D005F9584 /* FirebaseFunctions */,
				08B4625D2CFDC25D005F9584 /* FirebaseStorage */,
				0851791F2D157C410097A16F /* Kingfisher */,
				0851792A2D1670780097A16F /* FirebaseAuthCombine-Community */,
				0851792C2D1670780097A16F /* FirebaseCore */,
				0851792E2D1670780097A16F /* FirebaseDatabase */,
				085179302D1670780097A16F /* FirebaseFirestoreCombine-Community */,
				085179322D1670780097A16F /* FirebaseStorageCombine-Community */,
			);
			productName = ithreads;
			productReference = 08B462272CFDC0F7005F9584 /* ithreads.app */;
			productType = "com.apple.product-type.application";
		};
		08B462362CFDC0F9005F9584 /* ithreadsTests */ = {
			isa = PBXNativeTarget;
			buildConfigurationList = 08B4624E2CFDC0F9005F9584 /* Build configuration list for PBXNativeTarget "ithreadsTests" */;
			buildPhases = (
				08B462332CFDC0F9005F9584 /* Sources */,
				08B462342CFDC0F9005F9584 /* Frameworks */,
				08B462352CFDC0F9005F9584 /* Resources */,
			);
			buildRules = (
			);
			dependencies = (
				08B462392CFDC0F9005F9584 /* PBXTargetDependency */,
			);
			name = ithreadsTests;
			productName = ithreadsTests;
			productReference = 08B462372CFDC0F9005F9584 /* ithreadsTests.xctest */;
			productType = "com.apple.product-type.bundle.unit-test";
		};
		08B462402CFDC0F9005F9584 /* ithreadsUITests */ = {
			isa = PBXNativeTarget;
			buildConfigurationList = 08B462512CFDC0F9005F9584 /* Build configuration list for PBXNativeTarget "ithreadsUITests" */;
			buildPhases = (
				08B4623D2CFDC0F9005F9584 /* Sources */,
				08B4623E2CFDC0F9005F9584 /* Frameworks */,
				08B4623F2CFDC0F9005F9584 /* Resources */,
			);
			buildRules = (
			);
			dependencies = (
				08B462432CFDC0F9005F9584 /* PBXTargetDependency */,
			);
			name = ithreadsUITests;
			productName = ithreadsUITests;
			productReference = 08B462412CFDC0F9005F9584 /* ithreadsUITests.xctest */;
			productType = "com.apple.product-type.bundle.ui-testing";
		};
/* End PBXNativeTarget section */

/* Begin PBXProject section */
		08B4621F2CFDC0F7005F9584 /* Project object */ = {
			isa = PBXProject;
			attributes = {
				BuildIndependentTargetsInParallel = 1;
				LastSwiftUpdateCheck = 1540;
				LastUpgradeCheck = 1540;
				TargetAttributes = {
					08B462262CFDC0F7005F9584 = {
						CreatedOnToolsVersion = 15.4;
					};
					08B462362CFDC0F9005F9584 = {
						CreatedOnToolsVersion = 15.4;
						TestTargetID = 08B462262CFDC0F7005F9584;
					};
					08B462402CFDC0F9005F9584 = {
						CreatedOnToolsVersion = 15.4;
						TestTargetID = 08B462262CFDC0F7005F9584;
					};
				};
			};
			buildConfigurationList = 08B462222CFDC0F7005F9584 /* Build configuration list for PBXProject "ithreads" */;
			compatibilityVersion = "Xcode 14.0";
			developmentRegion = en;
			hasScannedForEncodings = 0;
			knownRegions = (
				en,
				Base,
			);
			mainGroup = 08B4621E2CFDC0F7005F9584;
			packageReferences = (
				08B462562CFDC25C005F9584 /* XCRemoteSwiftPackageReference "firebase-ios-sdk" */,
				0851791E2D157B2B0097A16F /* XCRemoteSwiftPackageReference "Kingfisher" */,
			);
			productRefGroup = 08B462282CFDC0F7005F9584 /* Products */;
			projectDirPath = "";
			projectRoot = "";
			targets = (
				08B462262CFDC0F7005F9584 /* ithreads */,
				08B462362CFDC0F9005F9584 /* ithreadsTests */,
				08B462402CFDC0F9005F9584 /* ithreadsUITests */,
			);
		};
/* End PBXProject section */

/* Begin PBXResourcesBuildPhase section */
		08B462252CFDC0F7005F9584 /* Resources */ = {
			isa = PBXResourcesBuildPhase;
			buildActionMask = 2147483647;
			files = (
				08B462322CFDC0F9005F9584 /* Preview Assets.xcassets in Resources */,
				08B4622F2CFDC0F9005F9584 /* Assets.xcassets in Resources */,
				08B462552CFDC123005F9584 /* GoogleService-Info.plist in Resources */,
			);
			runOnlyForDeploymentPostprocessing = 0;
		};
		08B462352CFDC0F9005F9584 /* Resources */ = {
			isa = PBXResourcesBuildPhase;
			buildActionMask = 2147483647;
			files = (
			);
			runOnlyForDeploymentPostprocessing = 0;
		};
		08B4623F2CFDC0F9005F9584 /* Resources */ = {
			isa = PBXResourcesBuildPhase;
			buildActionMask = 2147483647;
			files = (
			);
			runOnlyForDeploymentPostprocessing = 0;
		};
/* End PBXResourcesBuildPhase section */

/* Begin PBXSourcesBuildPhase section */
		08B462232CFDC0F7005F9584 /* Sources */ = {
			isa = PBXSourcesBuildPhase;
			buildActionMask = 2147483647;
			files = (
				08B462722CFF6CF6005F9584 /* FeedView.swift in Sources */,
				085179222D1659440097A16F /* Thread.swift in Sources */,
				08B462672CFE9595005F9584 /* LoginView.swift in Sources */,
				08B462972D06D515005F9584 /* EditProfileView.swift in Sources */,
				08B4629D2D082903005F9584 /* AuthService.swift in Sources */,
				08B462B02D101666005F9584 /* PreviewProvider.swift in Sources */,
				0851793C2D194BDC0097A16F /* Timestamp.swift in Sources */,
				08B462C22D126960005F9584 /* EditProfileViewModel.swift in Sources */,
				08B462692CFEF8D6005F9584 /* RegisterationView.swift in Sources */,
				08B462892D00350B005F9584 /* ThreadCell.swift in Sources */,
				08B462A92D0BDA55005F9584 /* UserService.swift in Sources */,
				08B4627F2CFF6DE8005F9584 /* ActivityView.swift in Sources */,
				08B462BE2D10312C005F9584 /* UserContentListView.swift in Sources */,
				08B4628C2D01B7E6005F9584 /* CircularProfileImageView.swift in Sources */,
				08B462A32D0ACF50005F9584 /* LoginViewModel.swift in Sources */,
				0851793A2D1902E60097A16F /* UserContentListViewModel.swift in Sources */,
				085179252D165D660097A16F /* CreateThreadViewModel.swift in Sources */,
				08B4628E2D01B87C005F9584 /* UserCell.swift in Sources */,
				08B4627B2CFF6DB8005F9584 /* CreateThreadView.swift in Sources */,
				08B462AE2D1011AA005F9584 /* ExploreViewModel.swift in Sources */,
				085179362D17A3FF0097A16F /* FeedViewModel.swift in Sources */,
				08B462912D029EFE005F9584 /* ProfileThreadFilter.swift in Sources */,
				08B462C42D12D5CB005F9584 /* ImageUploader.swift in Sources */,
				08B462B92D102C9F005F9584 /* CurrentUserProfileViewModel.swift in Sources */,
				08B4626C2CFEFD98005F9584 /* ThreadsTextFieldModifier.swift in Sources */,
				08B462A12D09768A005F9584 /* ContentViewModel.swift in Sources */,
				08B4622D2CFDC0F7005F9584 /* ContentView.swift in Sources */,
				08B462B42D1029A1005F9584 /* CurrentUserProfileView.swift in Sources */,
				08B4626F2CFF1232005F9584 /* ThreadsTabBarView.swift in Sources */,
				08B462772CFF6D6F005F9584 /* ExploreView.swift in Sources */,
				08B462BC2D102E44005F9584 /* ProfileHeaderView.swift in Sources */,
				08B4629B2D081FFE005F9584 /* RegisterationViewModel.swift in Sources */,
				08B462832CFF6E0E005F9584 /* ProfileView.swift in Sources */,
				08B4622B2CFDC0F7005F9584 /* ithreadsApp.swift in Sources */,
				08B462A62D0AEA78005F9584 /* User.swift in Sources */,
				085179292D165DDC0097A16F /* ThreadService.swift in Sources */,
			);
			runOnlyForDeploymentPostprocessing = 0;
		};
		08B462332CFDC0F9005F9584 /* Sources */ = {
			isa = PBXSourcesBuildPhase;
			buildActionMask = 2147483647;
			files = (
				08B4623C2CFDC0F9005F9584 /* ithreadsTests.swift in Sources */,
			);
			runOnlyForDeploymentPostprocessing = 0;
		};
		08B4623D2CFDC0F9005F9584 /* Sources */ = {
			isa = PBXSourcesBuildPhase;
			buildActionMask = 2147483647;
			files = (
				08B462482CFDC0F9005F9584 /* ithreadsUITestsLaunchTests.swift in Sources */,
				08B462462CFDC0F9005F9584 /* ithreadsUITests.swift in Sources */,
			);
			runOnlyForDeploymentPostprocessing = 0;
		};
/* End PBXSourcesBuildPhase section */

/* Begin PBXTargetDependency section */
		08B462392CFDC0F9005F9584 /* PBXTargetDependency */ = {
			isa = PBXTargetDependency;
			target = 08B462262CFDC0F7005F9584 /* ithreads */;
			targetProxy = 08B462382CFDC0F9005F9584 /* PBXContainerItemProxy */;
		};
		08B462432CFDC0F9005F9584 /* PBXTargetDependency */ = {
			isa = PBXTargetDependency;
			target = 08B462262CFDC0F7005F9584 /* ithreads */;
			targetProxy = 08B462422CFDC0F9005F9584 /* PBXContainerItemProxy */;
		};
/* End PBXTargetDependency section */

/* Begin XCBuildConfiguration section */
		08B462492CFDC0F9005F9584 /* Debug */ = {
			isa = XCBuildConfiguration;
			buildSettings = {
				ALWAYS_SEARCH_USER_PATHS = NO;
				ASSETCATALOG_COMPILER_GENERATE_SWIFT_ASSET_SYMBOL_EXTENSIONS = YES;
				CLANG_ANALYZER_NONNULL = YES;
				CLANG_ANALYZER_NUMBER_OBJECT_CONVERSION = YES_AGGRESSIVE;
				CLANG_CXX_LANGUAGE_STANDARD = "gnu++20";
				CLANG_ENABLE_MODULES = YES;
				CLANG_ENABLE_OBJC_ARC = YES;
				CLANG_ENABLE_OBJC_WEAK = YES;
				CLANG_WARN_BLOCK_CAPTURE_AUTORELEASING = YES;
				CLANG_WARN_BOOL_CONVERSION = YES;
				CLANG_WARN_COMMA = YES;
				CLANG_WARN_CONSTANT_CONVERSION = YES;
				CLANG_WARN_DEPRECATED_OBJC_IMPLEMENTATIONS = YES;
				CLANG_WARN_DIRECT_OBJC_ISA_USAGE = YES_ERROR;
				CLANG_WARN_DOCUMENTATION_COMMENTS = YES;
				CLANG_WARN_EMPTY_BODY = YES;
				CLANG_WARN_ENUM_CONVERSION = YES;
				CLANG_WARN_INFINITE_RECURSION = YES;
				CLANG_WARN_INT_CONVERSION = YES;
				CLANG_WARN_NON_LITERAL_NULL_CONVERSION = YES;
				CLANG_WARN_OBJC_IMPLICIT_RETAIN_SELF = YES;
				CLANG_WARN_OBJC_LITERAL_CONVERSION = YES;
				CLANG_WARN_OBJC_ROOT_CLASS = YES_ERROR;
				CLANG_WARN_QUOTED_INCLUDE_IN_FRAMEWORK_HEADER = YES;
				CLANG_WARN_RANGE_LOOP_ANALYSIS = YES;
				CLANG_WARN_STRICT_PROTOTYPES = YES;
				CLANG_WARN_SUSPICIOUS_MOVE = YES;
				CLANG_WARN_UNGUARDED_AVAILABILITY = YES_AGGRESSIVE;
				CLANG_WARN_UNREACHABLE_CODE = YES;
				CLANG_WARN__DUPLICATE_METHOD_MATCH = YES;
				COPY_PHASE_STRIP = NO;
				DEBUG_INFORMATION_FORMAT = dwarf;
				ENABLE_STRICT_OBJC_MSGSEND = YES;
				ENABLE_TESTABILITY = YES;
				ENABLE_USER_SCRIPT_SANDBOXING = YES;
				GCC_C_LANGUAGE_STANDARD = gnu17;
				GCC_DYNAMIC_NO_PIC = NO;
				GCC_NO_COMMON_BLOCKS = YES;
				GCC_OPTIMIZATION_LEVEL = 0;
				GCC_PREPROCESSOR_DEFINITIONS = (
					"DEBUG=1",
					"$(inherited)",
				);
				GCC_WARN_64_TO_32_BIT_CONVERSION = YES;
				GCC_WARN_ABOUT_RETURN_TYPE = YES_ERROR;
				GCC_WARN_UNDECLARED_SELECTOR = YES;
				GCC_WARN_UNINITIALIZED_AUTOS = YES_AGGRESSIVE;
				GCC_WARN_UNUSED_FUNCTION = YES;
				GCC_WARN_UNUSED_VARIABLE = YES;
				IPHONEOS_DEPLOYMENT_TARGET = 17.5;
				LOCALIZATION_PREFERS_STRING_CATALOGS = YES;
				MTL_ENABLE_DEBUG_INFO = INCLUDE_SOURCE;
				MTL_FAST_MATH = YES;
				ONLY_ACTIVE_ARCH = YES;
				SDKROOT = iphoneos;
				SWIFT_ACTIVE_COMPILATION_CONDITIONS = "DEBUG $(inherited)";
				SWIFT_OPTIMIZATION_LEVEL = "-Onone";
			};
			name = Debug;
		};
		08B4624A2CFDC0F9005F9584 /* Release */ = {
			isa = XCBuildConfiguration;
			buildSettings = {
				ALWAYS_SEARCH_USER_PATHS = NO;
				ASSETCATALOG_COMPILER_GENERATE_SWIFT_ASSET_SYMBOL_EXTENSIONS = YES;
				CLANG_ANALYZER_NONNULL = YES;
				CLANG_ANALYZER_NUMBER_OBJECT_CONVERSION = YES_AGGRESSIVE;
				CLANG_CXX_LANGUAGE_STANDARD = "gnu++20";
				CLANG_ENABLE_MODULES = YES;
				CLANG_ENABLE_OBJC_ARC = YES;
				CLANG_ENABLE_OBJC_WEAK = YES;
				CLANG_WARN_BLOCK_CAPTURE_AUTORELEASING = YES;
				CLANG_WARN_BOOL_CONVERSION = YES;
				CLANG_WARN_COMMA = YES;
				CLANG_WARN_CONSTANT_CONVERSION = YES;
				CLANG_WARN_DEPRECATED_OBJC_IMPLEMENTATIONS = YES;
				CLANG_WARN_DIRECT_OBJC_ISA_USAGE = YES_ERROR;
				CLANG_WARN_DOCUMENTATION_COMMENTS = YES;
				CLANG_WARN_EMPTY_BODY = YES;
				CLANG_WARN_ENUM_CONVERSION = YES;
				CLANG_WARN_INFINITE_RECURSION = YES;
				CLANG_WARN_INT_CONVERSION = YES;
				CLANG_WARN_NON_LITERAL_NULL_CONVERSION = YES;
				CLANG_WARN_OBJC_IMPLICIT_RETAIN_SELF = YES;
				CLANG_WARN_OBJC_LITERAL_CONVERSION = YES;
				CLANG_WARN_OBJC_ROOT_CLASS = YES_ERROR;
				CLANG_WARN_QUOTED_INCLUDE_IN_FRAMEWORK_HEADER = YES;
				CLANG_WARN_RANGE_LOOP_ANALYSIS = YES;
				CLANG_WARN_STRICT_PROTOTYPES = YES;
				CLANG_WARN_SUSPICIOUS_MOVE = YES;
				CLANG_WARN_UNGUARDED_AVAILABILITY = YES_AGGRESSIVE;
				CLANG_WARN_UNREACHABLE_CODE = YES;
				CLANG_WARN__DUPLICATE_METHOD_MATCH = YES;
				COPY_PHASE_STRIP = NO;
				DEBUG_INFORMATION_FORMAT = "dwarf-with-dsym";
				ENABLE_NS_ASSERTIONS = NO;
				ENABLE_STRICT_OBJC_MSGSEND = YES;
				ENABLE_USER_SCRIPT_SANDBOXING = YES;
				GCC_C_LANGUAGE_STANDARD = gnu17;
				GCC_NO_COMMON_BLOCKS = YES;
				GCC_WARN_64_TO_32_BIT_CONVERSION = YES;
				GCC_WARN_ABOUT_RETURN_TYPE = YES_ERROR;
				GCC_WARN_UNDECLARED_SELECTOR = YES;
				GCC_WARN_UNINITIALIZED_AUTOS = YES_AGGRESSIVE;
				GCC_WARN_UNUSED_FUNCTION = YES;
				GCC_WARN_UNUSED_VARIABLE = YES;
				IPHONEOS_DEPLOYMENT_TARGET = 17.5;
				LOCALIZATION_PREFERS_STRING_CATALOGS = YES;
				MTL_ENABLE_DEBUG_INFO = NO;
				MTL_FAST_MATH = YES;
				SDKROOT = iphoneos;
				SWIFT_COMPILATION_MODE = wholemodule;
				VALIDATE_PRODUCT = YES;
			};
			name = Release;
		};
		08B4624C2CFDC0F9005F9584 /* Debug */ = {
			isa = XCBuildConfiguration;
			buildSettings = {
				ASSETCATALOG_COMPILER_APPICON_NAME = AppIcon;
				ASSETCATALOG_COMPILER_GLOBAL_ACCENT_COLOR_NAME = AccentColor;
				CODE_SIGN_STYLE = Automatic;
				CURRENT_PROJECT_VERSION = 1;
				DEVELOPMENT_ASSET_PATHS = "\"ithreads/Preview Content\"";
				DEVELOPMENT_TEAM = WAAZ7MUMRV;
				ENABLE_PREVIEWS = YES;
				GENERATE_INFOPLIST_FILE = YES;
				INFOPLIST_KEY_UIApplicationSceneManifest_Generation = YES;
				INFOPLIST_KEY_UIApplicationSupportsIndirectInputEvents = YES;
				INFOPLIST_KEY_UILaunchScreen_Generation = YES;
				INFOPLIST_KEY_UISupportedInterfaceOrientations_iPad = "UIInterfaceOrientationPortrait UIInterfaceOrientationPortraitUpsideDown UIInterfaceOrientationLandscapeLeft UIInterfaceOrientationLandscapeRight";
				INFOPLIST_KEY_UISupportedInterfaceOrientations_iPhone = "UIInterfaceOrientationPortrait UIInterfaceOrientationLandscapeLeft UIInterfaceOrientationLandscapeRight";
				LD_RUNPATH_SEARCH_PATHS = (
					"$(inherited)",
					"@executable_path/Frameworks",
				);
				MARKETING_VERSION = 1.0;
				PRODUCT_BUNDLE_IDENTIFIER = com.yang.alex.ithreads;
				PRODUCT_NAME = "$(TARGET_NAME)";
				SWIFT_EMIT_LOC_STRINGS = YES;
				SWIFT_VERSION = 5.0;
				TARGETED_DEVICE_FAMILY = "1,2";
			};
			name = Debug;
		};
		08B4624D2CFDC0F9005F9584 /* Release */ = {
			isa = XCBuildConfiguration;
			buildSettings = {
				ASSETCATALOG_COMPILER_APPICON_NAME = AppIcon;
				ASSETCATALOG_COMPILER_GLOBAL_ACCENT_COLOR_NAME = AccentColor;
				CODE_SIGN_STYLE = Automatic;
				CURRENT_PROJECT_VERSION = 1;
				DEVELOPMENT_ASSET_PATHS = "\"ithreads/Preview Content\"";
				DEVELOPMENT_TEAM = WAAZ7MUMRV;
				ENABLE_PREVIEWS = YES;
				GENERATE_INFOPLIST_FILE = YES;
				INFOPLIST_KEY_UIApplicationSceneManifest_Generation = YES;
				INFOPLIST_KEY_UIApplicationSupportsIndirectInputEvents = YES;
				INFOPLIST_KEY_UILaunchScreen_Generation = YES;
				INFOPLIST_KEY_UISupportedInterfaceOrientations_iPad = "UIInterfaceOrientationPortrait UIInterfaceOrientationPortraitUpsideDown UIInterfaceOrientationLandscapeLeft UIInterfaceOrientationLandscapeRight";
				INFOPLIST_KEY_UISupportedInterfaceOrientations_iPhone = "UIInterfaceOrientationPortrait UIInterfaceOrientationLandscapeLeft UIInterfaceOrientationLandscapeRight";
				LD_RUNPATH_SEARCH_PATHS = (
					"$(inherited)",
					"@executable_path/Frameworks",
				);
				MARKETING_VERSION = 1.0;
				PRODUCT_BUNDLE_IDENTIFIER = com.yang.alex.ithreads;
				PRODUCT_NAME = "$(TARGET_NAME)";
				SWIFT_EMIT_LOC_STRINGS = YES;
				SWIFT_VERSION = 5.0;
				TARGETED_DEVICE_FAMILY = "1,2";
			};
			name = Release;
		};
		08B4624F2CFDC0F9005F9584 /* Debug */ = {
			isa = XCBuildConfiguration;
			buildSettings = {
				ALWAYS_EMBED_SWIFT_STANDARD_LIBRARIES = YES;
				BUNDLE_LOADER = "$(TEST_HOST)";
				CODE_SIGN_STYLE = Automatic;
				CURRENT_PROJECT_VERSION = 1;
				DEVELOPMENT_TEAM = WAAZ7MUMRV;
				GENERATE_INFOPLIST_FILE = YES;
				IPHONEOS_DEPLOYMENT_TARGET = 17.5;
				MARKETING_VERSION = 1.0;
				PRODUCT_BUNDLE_IDENTIFIER = com.yang.alex.ithreadsTests;
				PRODUCT_NAME = "$(TARGET_NAME)";
				SWIFT_EMIT_LOC_STRINGS = NO;
				SWIFT_VERSION = 5.0;
				TARGETED_DEVICE_FAMILY = "1,2";
				TEST_HOST = "$(BUILT_PRODUCTS_DIR)/ithreads.app/$(BUNDLE_EXECUTABLE_FOLDER_PATH)/ithreads";
			};
			name = Debug;
		};
		08B462502CFDC0F9005F9584 /* Release */ = {
			isa = XCBuildConfiguration;
			buildSettings = {
				ALWAYS_EMBED_SWIFT_STANDARD_LIBRARIES = YES;
				BUNDLE_LOADER = "$(TEST_HOST)";
				CODE_SIGN_STYLE = Automatic;
				CURRENT_PROJECT_VERSION = 1;
				DEVELOPMENT_TEAM = WAAZ7MUMRV;
				GENERATE_INFOPLIST_FILE = YES;
				IPHONEOS_DEPLOYMENT_TARGET = 17.5;
				MARKETING_VERSION = 1.0;
				PRODUCT_BUNDLE_IDENTIFIER = com.yang.alex.ithreadsTests;
				PRODUCT_NAME = "$(TARGET_NAME)";
				SWIFT_EMIT_LOC_STRINGS = NO;
				SWIFT_VERSION = 5.0;
				TARGETED_DEVICE_FAMILY = "1,2";
				TEST_HOST = "$(BUILT_PRODUCTS_DIR)/ithreads.app/$(BUNDLE_EXECUTABLE_FOLDER_PATH)/ithreads";
			};
			name = Release;
		};
		08B462522CFDC0F9005F9584 /* Debug */ = {
			isa = XCBuildConfiguration;
			buildSettings = {
				ALWAYS_EMBED_SWIFT_STANDARD_LIBRARIES = YES;
				CODE_SIGN_STYLE = Automatic;
				CURRENT_PROJECT_VERSION = 1;
				DEVELOPMENT_TEAM = WAAZ7MUMRV;
				GENERATE_INFOPLIST_FILE = YES;
				MARKETING_VERSION = 1.0;
				PRODUCT_BUNDLE_IDENTIFIER = com.yang.alex.ithreadsUITests;
				PRODUCT_NAME = "$(TARGET_NAME)";
				SWIFT_EMIT_LOC_STRINGS = NO;
				SWIFT_VERSION = 5.0;
				TARGETED_DEVICE_FAMILY = "1,2";
				TEST_TARGET_NAME = ithreads;
			};
			name = Debug;
		};
		08B462532CFDC0F9005F9584 /* Release */ = {
			isa = XCBuildConfiguration;
			buildSettings = {
				ALWAYS_EMBED_SWIFT_STANDARD_LIBRARIES = YES;
				CODE_SIGN_STYLE = Automatic;
				CURRENT_PROJECT_VERSION = 1;
				DEVELOPMENT_TEAM = WAAZ7MUMRV;
				GENERATE_INFOPLIST_FILE = YES;
				MARKETING_VERSION = 1.0;
				PRODUCT_BUNDLE_IDENTIFIER = com.yang.alex.ithreadsUITests;
				PRODUCT_NAME = "$(TARGET_NAME)";
				SWIFT_EMIT_LOC_STRINGS = NO;
				SWIFT_VERSION = 5.0;
				TARGETED_DEVICE_FAMILY = "1,2";
				TEST_TARGET_NAME = ithreads;
			};
			name = Release;
		};
/* End XCBuildConfiguration section */

/* Begin XCConfigurationList section */
		08B462222CFDC0F7005F9584 /* Build configuration list for PBXProject "ithreads" */ = {
			isa = XCConfigurationList;
			buildConfigurations = (
				08B462492CFDC0F9005F9584 /* Debug */,
				08B4624A2CFDC0F9005F9584 /* Release */,
			);
			defaultConfigurationIsVisible = 0;
			defaultConfigurationName = Release;
		};
		08B4624B2CFDC0F9005F9584 /* Build configuration list for PBXNativeTarget "ithreads" */ = {
			isa = XCConfigurationList;
			buildConfigurations = (
				08B4624C2CFDC0F9005F9584 /* Debug */,
				08B4624D2CFDC0F9005F9584 /* Release */,
			);
			defaultConfigurationIsVisible = 0;
			defaultConfigurationName = Release;
		};
		08B4624E2CFDC0F9005F9584 /* Build configuration list for PBXNativeTarget "ithreadsTests" */ = {
			isa = XCConfigurationList;
			buildConfigurations = (
				08B4624F2CFDC0F9005F9584 /* Debug */,
				08B462502CFDC0F9005F9584 /* Release */,
			);
			defaultConfigurationIsVisible = 0;
			defaultConfigurationName = Release;
		};
		08B462512CFDC0F9005F9584 /* Build configuration list for PBXNativeTarget "ithreadsUITests" */ = {
			isa = XCConfigurationList;
			buildConfigurations = (
				08B462522CFDC0F9005F9584 /* Debug */,
				08B462532CFDC0F9005F9584 /* Release */,
			);
			defaultConfigurationIsVisible = 0;
			defaultConfigurationName = Release;
		};
/* End XCConfigurationList section */

/* Begin XCRemoteSwiftPackageReference section */
		0851791E2D157B2B0097A16F /* XCRemoteSwiftPackageReference "Kingfisher" */ = {
			isa = XCRemoteSwiftPackageReference;
			repositoryURL = "https://github.com/onevcat/Kingfisher";
			requirement = {
				kind = upToNextMajorVersion;
				minimumVersion = 8.1.3;
			};
		};
		08B462562CFDC25C005F9584 /* XCRemoteSwiftPackageReference "firebase-ios-sdk" */ = {
			isa = XCRemoteSwiftPackageReference;
			repositoryURL = "https://github.com/firebase/firebase-ios-sdk";
			requirement = {
				kind = upToNextMajorVersion;
				minimumVersion = 11.5.0;
			};
		};
/* End XCRemoteSwiftPackageReference section */

/* Begin XCSwiftPackageProductDependency section */
		0851791F2D157C410097A16F /* Kingfisher */ = {
			isa = XCSwiftPackageProductDependency;
			package = 0851791E2D157B2B0097A16F /* XCRemoteSwiftPackageReference "Kingfisher" */;
			productName = Kingfisher;
		};
		0851792A2D1670780097A16F /* FirebaseAuthCombine-Community */ = {
			isa = XCSwiftPackageProductDependency;
			package = 08B462562CFDC25C005F9584 /* XCRemoteSwiftPackageReference "firebase-ios-sdk" */;
			productName = "FirebaseAuthCombine-Community";
		};
		0851792C2D1670780097A16F /* FirebaseCore */ = {
			isa = XCSwiftPackageProductDependency;
			package = 08B462562CFDC25C005F9584 /* XCRemoteSwiftPackageReference "firebase-ios-sdk" */;
			productName = FirebaseCore;
		};
		0851792E2D1670780097A16F /* FirebaseDatabase */ = {
			isa = XCSwiftPackageProductDependency;
			package = 08B462562CFDC25C005F9584 /* XCRemoteSwiftPackageReference "firebase-ios-sdk" */;
			productName = FirebaseDatabase;
		};
		085179302D1670780097A16F /* FirebaseFirestoreCombine-Community */ = {
			isa = XCSwiftPackageProductDependency;
			package = 08B462562CFDC25C005F9584 /* XCRemoteSwiftPackageReference "firebase-ios-sdk" */;
			productName = "FirebaseFirestoreCombine-Community";
		};
		085179322D1670780097A16F /* FirebaseStorageCombine-Community */ = {
			isa = XCSwiftPackageProductDependency;
			package = 08B462562CFDC25C005F9584 /* XCRemoteSwiftPackageReference "firebase-ios-sdk" */;
			productName = "FirebaseStorageCombine-Community";
		};
		08B462572CFDC25D005F9584 /* FirebaseAuth */ = {
			isa = XCSwiftPackageProductDependency;
			package = 08B462562CFDC25C005F9584 /* XCRemoteSwiftPackageReference "firebase-ios-sdk" */;
			productName = FirebaseAuth;
		};
		08B462592CFDC25D005F9584 /* FirebaseFirestore */ = {
			isa = XCSwiftPackageProductDependency;
			package = 08B462562CFDC25C005F9584 /* XCRemoteSwiftPackageReference "firebase-ios-sdk" */;
			productName = FirebaseFirestore;
		};
		08B4625B2CFDC25D005F9584 /* FirebaseFunctions */ = {
			isa = XCSwiftPackageProductDependency;
			package = 08B462562CFDC25C005F9584 /* XCRemoteSwiftPackageReference "firebase-ios-sdk" */;
			productName = FirebaseFunctions;
		};
		08B4625D2CFDC25D005F9584 /* FirebaseStorage */ = {
			isa = XCSwiftPackageProductDependency;
			package = 08B462562CFDC25C005F9584 /* XCRemoteSwiftPackageReference "firebase-ios-sdk" */;
			productName = FirebaseStorage;
		};
/* End XCSwiftPackageProductDependency section */
	};
	rootObject = 08B4621F2CFDC0F7005F9584 /* Project object */;
}
